{
  "name": "merkle-airdrop-tool",
  "version": "1.0.0",
  "lockfileVersion": 2,
  "requires": true,
  "packages": {
    "": {
      "name": "merkle-airdrop-tool",
      "version": "1.0.0",
      "license": "ISC",
      "workspaces": [
        "packages\\contract",
        "packages\\user-app"
      ]
    },
    "node_modules/@openzeppelin/contracts": {
      "version": "4.8.0",
      "resolved": "https://registry.npmjs.org/@openzeppelin/contracts/-/contracts-4.8.0.tgz",
      "integrity": "sha512-AGuwhRRL+NaKx73WKRNzeCxOCOCxpaqF+kp8TJ89QzAipSwZy/NoflkWaL9bywXFRhIzXt8j38sfF7KBKCPWLw=="
    },
    "node_modules/contract": {
      "resolved": "packages/contract",
      "link": true
    },
    "node_modules/user-app": {
      "resolved": "packages/user-app",
      "link": true
    },
    "packages/contract": {
      "version": "1.0.0",
      "license": "ISC",
      "dependencies": {
        "@openzeppelin/contracts": "^4.8.0"
      }
    },
    "packages/user-app": {
      "version": "1.0.0",
      "license": "ISC"
    }
  },
  "dependencies": {
    "@openzeppelin/contracts": {
      "version": "4.8.0",
      "resolved": "https://registry.npmjs.org/@openzeppelin/contracts/-/contracts-4.8.0.tgz",
      "integrity": "sha512-AGuwhRRL+NaKx73WKRNzeCxOCOCxpaqF+kp8TJ89QzAipSwZy/NoflkWaL9bywXFRhIzXt8j38sfF7KBKCPWLw=="
    },
    "contract": {
      "version": "file:packages/contract",
      "requires": {
        "@openzeppelin/contracts": "*"
      }
    },
    "user-app": {
      "version": "file:packages/user-app"
    }
  }
}
